
Microsoft Visual Studio Solution File, Format Version 12.00
# Visual Studio 14
VisualStudioVersion = 14.0.25420.1
MinimumVisualStudioVersion = 10.0.40219.1
Project("{FAE04EC0-301F-11D3-BF4B-00C04F79EFBC}") = "RobotApollo.SpiderMachine.App", "RobotApollo.SpiderMachine.App\RobotApollo.SpiderMachine.App.csproj", "{26533BF0-6537-4045-BB1A-A1C46D5C5F9D}"
EndProject
Project("{FAE04EC0-301F-11D3-BF4B-00C04F79EFBC}") = "RobotApollo.WeChat.WebApp", "RobotApollo.WeChat.WebApp\RobotApollo.WeChat.WebApp.csproj", "{087BA53F-B838-4E0E-995E-B4C8F13A05E5}"
EndProject
Project("{FAE04EC0-301F-11D3-BF4B-00C04F79EFBC}") = "RobotApollo.WeChat.CommonService", "RobotApollo.Common\RobotApollo.WeChat.CommonService.csproj", "{48902150-484C-46A1-AE03-214712ABD4A2}"
EndProject
Project("{2150E333-8FDC-42A3-9474-1A3956D46DE8}") = "Components", "Components", "{D8C7129B-4982-4F84-A661-C2C8688452EF}"
	ProjectSection(SolutionItems) = preProject
		Components\BasicFormatsForCore.dll = Components\BasicFormatsForCore.dll
		Components\BCMakeCert.dll = Components\BCMakeCert.dll
		Components\BouncyCastle.Crypto.dll = Components\BouncyCastle.Crypto.dll
		Components\CertMaker.dll = Components\CertMaker.dll
		Components\chromedriver.exe = Components\chromedriver.exe
		Components\DotnetSpider.Core.dll = Components\DotnetSpider.Core.dll
		Components\DotnetSpider.Core.dll.config = Components\DotnetSpider.Core.dll.config
		Components\DotnetSpider.Core.pdb = Components\DotnetSpider.Core.pdb
		Components\DotnetSpider.Extension.dll = Components\DotnetSpider.Extension.dll
		Components\DotnetSpider.Extension.dll.config = Components\DotnetSpider.Extension.dll.config
		Components\DotnetSpider.Extension.pdb = Components\DotnetSpider.Extension.pdb
		Components\DotnetSpider.Redial.dll = Components\DotnetSpider.Redial.dll
		Components\DotnetSpider.Redial.pdb = Components\DotnetSpider.Redial.pdb
		Components\DotRas.dll = Components\DotRas.dll
		Components\DotRas.xml = Components\DotRas.xml
		Components\FiddlerCore4.dll = Components\FiddlerCore4.dll
		Components\FiddlerCore4.xml = Components\FiddlerCore4.xml
		Components\geckodriver.exe = Components\geckodriver.exe
		Components\HtmlAgilityPack.CssSelectors.dll = Components\HtmlAgilityPack.CssSelectors.dll
		Components\HtmlAgilityPack.CssSelectors.pdb = Components\HtmlAgilityPack.CssSelectors.pdb
		Components\HtmlAgilityPack.dll = Components\HtmlAgilityPack.dll
		Components\HtmlAgilityPack.pdb = Components\HtmlAgilityPack.pdb
		Components\HtmlAgilityPack.xml = Components\HtmlAgilityPack.xml
		Components\MailKit.dll = Components\MailKit.dll
		Components\MailKit.xml = Components\MailKit.xml
		Components\Microsoft.Extensions.DependencyInjection.Abstractions.dll = Components\Microsoft.Extensions.DependencyInjection.Abstractions.dll
		Components\Microsoft.Extensions.DependencyInjection.Abstractions.xml = Components\Microsoft.Extensions.DependencyInjection.Abstractions.xml
		Components\Microsoft.Extensions.DependencyInjection.dll = Components\Microsoft.Extensions.DependencyInjection.dll
		Components\Microsoft.Extensions.DependencyInjection.xml = Components\Microsoft.Extensions.DependencyInjection.xml
		Components\MimeKit.dll = Components\MimeKit.dll
		Components\MimeKit.xml = Components\MimeKit.xml
		Components\MongoDB.Bson.dll = Components\MongoDB.Bson.dll
		Components\MongoDB.Bson.xml = Components\MongoDB.Bson.xml
		Components\MongoDB.Driver.Core.dll = Components\MongoDB.Driver.Core.dll
		Components\MongoDB.Driver.Core.xml = Components\MongoDB.Driver.Core.xml
		Components\MongoDB.Driver.dll = Components\MongoDB.Driver.dll
		Components\MongoDB.Driver.Legacy.dll = Components\MongoDB.Driver.Legacy.dll
		Components\MongoDB.Driver.Legacy.xml = Components\MongoDB.Driver.Legacy.xml
		Components\MongoDB.Driver.xml = Components\MongoDB.Driver.xml
		Components\MySql.Data.dll = Components\MySql.Data.dll
		Components\Newtonsoft.Json.dll = Components\Newtonsoft.Json.dll
		Components\Newtonsoft.Json.xml = Components\Newtonsoft.Json.xml
		Components\NLog.dll = Components\NLog.dll
		Components\NLog.xml = Components\NLog.xml
		Components\nunit_random_seed.tmp = Components\nunit_random_seed.tmp
		Components\Renci.SshNet.dll = Components\Renci.SshNet.dll
		Components\Renci.SshNet.xml = Components\Renci.SshNet.xml
		Components\StackExchange.Redis.dll = Components\StackExchange.Redis.dll
		Components\StackExchange.Redis.xml = Components\StackExchange.Redis.xml
		Components\WebDriver.dll = Components\WebDriver.dll
		Components\WebDriver.Support.dll = Components\WebDriver.Support.dll
		Components\WebDriver.Support.xml = Components\WebDriver.Support.xml
		Components\WebDriver.xml = Components\WebDriver.xml
	EndProjectSection
EndProject
Project("{FAE04EC0-301F-11D3-BF4B-00C04F79EFBC}") = "RobotApollo.DataAccess", "RobotApollo.DataAccess\RobotApollo.DataAccess.csproj", "{51DDA452-A804-440C-B518-58C148802ED3}"
EndProject
Global
	GlobalSection(SolutionConfigurationPlatforms) = preSolution
		Debug|Any CPU = Debug|Any CPU
		Release|Any CPU = Release|Any CPU
	EndGlobalSection
	GlobalSection(ProjectConfigurationPlatforms) = postSolution
		{26533BF0-6537-4045-BB1A-A1C46D5C5F9D}.Debug|Any CPU.ActiveCfg = Debug|Any CPU
		{26533BF0-6537-4045-BB1A-A1C46D5C5F9D}.Debug|Any CPU.Build.0 = Debug|Any CPU
		{26533BF0-6537-4045-BB1A-A1C46D5C5F9D}.Release|Any CPU.ActiveCfg = Release|Any CPU
		{26533BF0-6537-4045-BB1A-A1C46D5C5F9D}.Release|Any CPU.Build.0 = Release|Any CPU
		{087BA53F-B838-4E0E-995E-B4C8F13A05E5}.Debug|Any CPU.ActiveCfg = Debug|Any CPU
		{087BA53F-B838-4E0E-995E-B4C8F13A05E5}.Debug|Any CPU.Build.0 = Debug|Any CPU
		{087BA53F-B838-4E0E-995E-B4C8F13A05E5}.Release|Any CPU.ActiveCfg = Release|Any CPU
		{087BA53F-B838-4E0E-995E-B4C8F13A05E5}.Release|Any CPU.Build.0 = Release|Any CPU
		{48902150-484C-46A1-AE03-214712ABD4A2}.Debug|Any CPU.ActiveCfg = Debug|Any CPU
		{48902150-484C-46A1-AE03-214712ABD4A2}.Debug|Any CPU.Build.0 = Debug|Any CPU
		{48902150-484C-46A1-AE03-214712ABD4A2}.Release|Any CPU.ActiveCfg = Release|Any CPU
		{48902150-484C-46A1-AE03-214712ABD4A2}.Release|Any CPU.Build.0 = Release|Any CPU
		{51DDA452-A804-440C-B518-58C148802ED3}.Debug|Any CPU.ActiveCfg = Debug|Any CPU
		{51DDA452-A804-440C-B518-58C148802ED3}.Debug|Any CPU.Build.0 = Debug|Any CPU
		{51DDA452-A804-440C-B518-58C148802ED3}.Release|Any CPU.ActiveCfg = Release|Any CPU
		{51DDA452-A804-440C-B518-58C148802ED3}.Release|Any CPU.Build.0 = Release|Any CPU
	EndGlobalSection
	GlobalSection(SolutionProperties) = preSolution
		HideSolutionNode = FALSE
	EndGlobalSection
EndGlobal
